
Microsoft Visual Studio Solution File, Format Version 12.00
# Visual Studio Version 16
VisualStudioVersion = 16.0.30225.117
MinimumVisualStudioVersion = 10.0.40219.1
Project("{9A19103F-16F7-4668-BE54-9A1E7A4F7556}") = "StoreSystem.MVC", "StoreSystem.MVC\StoreSystem.MVC.csproj", "{6E17C49B-C97D-4A13-9FAE-5863A574779D}"
EndProject
Project("{9A19103F-16F7-4668-BE54-9A1E7A4F7556}") = "StoreSystem.Model", "StoreSystem.Model\StoreSystem.Model.csproj", "{9C3804CE-6932-437F-8F47-6F19B68BB6E6}"
EndProject
Project("{FAE04EC0-301F-11D3-BF4B-00C04F79EFBC}") = "StoreSystem.IDAL", "StoreSystem.IDAL\StoreSystem.IDAL.csproj", "{736E80F2-0BE4-4C80-9D71-2A5472EF889C}"
EndProject
Global
	GlobalSection(SolutionConfigurationPlatforms) = preSolution
		Debug|Any CPU = Debug|Any CPU
		Release|Any CPU = Release|Any CPU
	EndGlobalSection
	GlobalSection(ProjectConfigurationPlatforms) = postSolution
		{6E17C49B-C97D-4A13-9FAE-5863A574779D}.Debug|Any CPU.ActiveCfg = Debug|Any CPU
		{6E17C49B-C97D-4A13-9FAE-5863A574779D}.Debug|Any CPU.Build.0 = Debug|Any CPU
		{6E17C49B-C97D-4A13-9FAE-5863A574779D}.Release|Any CPU.ActiveCfg = Release|Any CPU
		{6E17C49B-C97D-4A13-9FAE-5863A574779D}.Release|Any CPU.Build.0 = Release|Any CPU
		{9C3804CE-6932-437F-8F47-6F19B68BB6E6}.Debug|Any CPU.ActiveCfg = Debug|Any CPU
		{9C3804CE-6932-437F-8F47-6F19B68BB6E6}.Debug|Any CPU.Build.0 = Debug|Any CPU
		{9C3804CE-6932-437F-8F47-6F19B68BB6E6}.Release|Any CPU.ActiveCfg = Release|Any CPU
		{9C3804CE-6932-437F-8F47-6F19B68BB6E6}.Release|Any CPU.Build.0 = Release|Any CPU
		{736E80F2-0BE4-4C80-9D71-2A5472EF889C}.Debug|Any CPU.ActiveCfg = Debug|Any CPU
		{736E80F2-0BE4-4C80-9D71-2A5472EF889C}.Debug|Any CPU.Build.0 = Debug|Any CPU
		{736E80F2-0BE4-4C80-9D71-2A5472EF889C}.Release|Any CPU.ActiveCfg = Release|Any CPU
		{736E80F2-0BE4-4C80-9D71-2A5472EF889C}.Release|Any CPU.Build.0 = Release|Any CPU
	EndGlobalSection
	GlobalSection(SolutionProperties) = preSolution
		HideSolutionNode = FALSE
	EndGlobalSection
	GlobalSection(ExtensibilityGlobals) = postSolution
		SolutionGuid = {7313FE1E-4921-480F-98A6-AC21A859467F}
	EndGlobalSection
EndGlobal
