
Microsoft Visual Studio Solution File, Format Version 12.00
# Visual Studio Version 16
VisualStudioVersion = 16.0.30225.117
MinimumVisualStudioVersion = 10.0.40219.1
Project("{9A19103F-16F7-4668-BE54-9A1E7A4F7556}") = "StoreSystem.MVC", "StoreSystem.MVC\StoreSystem.MVC.csproj", "{6E17C49B-C97D-4A13-9FAE-5863A574779D}"
EndProject
Project("{9A19103F-16F7-4668-BE54-9A1E7A4F7556}") = "StoreSystem.Model", "StoreSystem.Model\StoreSystem.Model.csproj", "{9C3804CE-6932-437F-8F47-6F19B68BB6E6}"
EndProject
Project("{9A19103F-16F7-4668-BE54-9A1E7A4F7556}") = "StoreSystem.IDAL", "StoreSystem.IDAL\StoreSystem.IDAL.csproj", "{736E80F2-0BE4-4C80-9D71-2A5472EF889C}"
EndProject
Project("{9A19103F-16F7-4668-BE54-9A1E7A4F7556}") = "StoreSystem.DAL", "StoreSystem.DAL\StoreSystem.DAL.csproj", "{43F1E918-97EE-4E09-90D9-84D12822AAEA}"
EndProject
Project("{FAE04EC0-301F-11D3-BF4B-00C04F79EFBC}") = "StoreSystem.IBLL", "StoreSystem.IBLL\StoreSystem.IBLL.csproj", "{565E0C19-DA9E-4819-93B6-E6663E5DEE4D}"
EndProject
Project("{FAE04EC0-301F-11D3-BF4B-00C04F79EFBC}") = "StoreSystem.Dto", "StoreSystem.Dto\StoreSystem.Dto.csproj", "{A6E6805F-3090-4E6F-A0E8-30CE739FFAEE}"
EndProject
Project("{FAE04EC0-301F-11D3-BF4B-00C04F79EFBC}") = "StoreSystem.BLL", "StoreSystem.BLL\StoreSystem.BLL.csproj", "{289CD25A-10BF-4EA0-BAFF-1B8B773E9003}"
EndProject
Global
	GlobalSection(SolutionConfigurationPlatforms) = preSolution
		Debug|Any CPU = Debug|Any CPU
		Debug|x64 = Debug|x64
		Debug|x86 = Debug|x86
		Release|Any CPU = Release|Any CPU
		Release|x64 = Release|x64
		Release|x86 = Release|x86
	EndGlobalSection
	GlobalSection(ProjectConfigurationPlatforms) = postSolution
		{6E17C49B-C97D-4A13-9FAE-5863A574779D}.Debug|Any CPU.ActiveCfg = Debug|Any CPU
		{6E17C49B-C97D-4A13-9FAE-5863A574779D}.Debug|Any CPU.Build.0 = Debug|Any CPU
		{6E17C49B-C97D-4A13-9FAE-5863A574779D}.Debug|x64.ActiveCfg = Debug|Any CPU
		{6E17C49B-C97D-4A13-9FAE-5863A574779D}.Debug|x64.Build.0 = Debug|Any CPU
		{6E17C49B-C97D-4A13-9FAE-5863A574779D}.Debug|x86.ActiveCfg = Debug|Any CPU
		{6E17C49B-C97D-4A13-9FAE-5863A574779D}.Debug|x86.Build.0 = Debug|Any CPU
		{6E17C49B-C97D-4A13-9FAE-5863A574779D}.Release|Any CPU.ActiveCfg = Release|Any CPU
		{6E17C49B-C97D-4A13-9FAE-5863A574779D}.Release|Any CPU.Build.0 = Release|Any CPU
		{6E17C49B-C97D-4A13-9FAE-5863A574779D}.Release|x64.ActiveCfg = Release|Any CPU
		{6E17C49B-C97D-4A13-9FAE-5863A574779D}.Release|x64.Build.0 = Release|Any CPU
		{6E17C49B-C97D-4A13-9FAE-5863A574779D}.Release|x86.ActiveCfg = Release|Any CPU
		{6E17C49B-C97D-4A13-9FAE-5863A574779D}.Release|x86.Build.0 = Release|Any CPU
		{9C3804CE-6932-437F-8F47-6F19B68BB6E6}.Debug|Any CPU.ActiveCfg = Debug|Any CPU
		{9C3804CE-6932-437F-8F47-6F19B68BB6E6}.Debug|Any CPU.Build.0 = Debug|Any CPU
		{9C3804CE-6932-437F-8F47-6F19B68BB6E6}.Debug|x64.ActiveCfg = Debug|Any CPU
		{9C3804CE-6932-437F-8F47-6F19B68BB6E6}.Debug|x64.Build.0 = Debug|Any CPU
		{9C3804CE-6932-437F-8F47-6F19B68BB6E6}.Debug|x86.ActiveCfg = Debug|Any CPU
		{9C3804CE-6932-437F-8F47-6F19B68BB6E6}.Debug|x86.Build.0 = Debug|Any CPU
		{9C3804CE-6932-437F-8F47-6F19B68BB6E6}.Release|Any CPU.ActiveCfg = Release|Any CPU
		{9C3804CE-6932-437F-8F47-6F19B68BB6E6}.Release|Any CPU.Build.0 = Release|Any CPU
		{9C3804CE-6932-437F-8F47-6F19B68BB6E6}.Release|x64.ActiveCfg = Release|Any CPU
		{9C3804CE-6932-437F-8F47-6F19B68BB6E6}.Release|x64.Build.0 = Release|Any CPU
		{9C3804CE-6932-437F-8F47-6F19B68BB6E6}.Release|x86.ActiveCfg = Release|Any CPU
		{9C3804CE-6932-437F-8F47-6F19B68BB6E6}.Release|x86.Build.0 = Release|Any CPU
		{736E80F2-0BE4-4C80-9D71-2A5472EF889C}.Debug|Any CPU.ActiveCfg = Debug|Any CPU
		{736E80F2-0BE4-4C80-9D71-2A5472EF889C}.Debug|Any CPU.Build.0 = Debug|Any CPU
		{736E80F2-0BE4-4C80-9D71-2A5472EF889C}.Debug|x64.ActiveCfg = Debug|Any CPU
		{736E80F2-0BE4-4C80-9D71-2A5472EF889C}.Debug|x64.Build.0 = Debug|Any CPU
		{736E80F2-0BE4-4C80-9D71-2A5472EF889C}.Debug|x86.ActiveCfg = Debug|Any CPU
		{736E80F2-0BE4-4C80-9D71-2A5472EF889C}.Debug|x86.Build.0 = Debug|Any CPU
		{736E80F2-0BE4-4C80-9D71-2A5472EF889C}.Release|Any CPU.ActiveCfg = Release|Any CPU
		{736E80F2-0BE4-4C80-9D71-2A5472EF889C}.Release|Any CPU.Build.0 = Release|Any CPU
		{736E80F2-0BE4-4C80-9D71-2A5472EF889C}.Release|x64.ActiveCfg = Release|Any CPU
		{736E80F2-0BE4-4C80-9D71-2A5472EF889C}.Release|x64.Build.0 = Release|Any CPU
		{736E80F2-0BE4-4C80-9D71-2A5472EF889C}.Release|x86.ActiveCfg = Release|Any CPU
		{736E80F2-0BE4-4C80-9D71-2A5472EF889C}.Release|x86.Build.0 = Release|Any CPU
		{43F1E918-97EE-4E09-90D9-84D12822AAEA}.Debug|Any CPU.ActiveCfg = Debug|Any CPU
		{43F1E918-97EE-4E09-90D9-84D12822AAEA}.Debug|Any CPU.Build.0 = Debug|Any CPU
		{43F1E918-97EE-4E09-90D9-84D12822AAEA}.Debug|x64.ActiveCfg = Debug|Any CPU
		{43F1E918-97EE-4E09-90D9-84D12822AAEA}.Debug|x64.Build.0 = Debug|Any CPU
		{43F1E918-97EE-4E09-90D9-84D12822AAEA}.Debug|x86.ActiveCfg = Debug|Any CPU
		{43F1E918-97EE-4E09-90D9-84D12822AAEA}.Debug|x86.Build.0 = Debug|Any CPU
		{43F1E918-97EE-4E09-90D9-84D12822AAEA}.Release|Any CPU.ActiveCfg = Release|Any CPU
		{43F1E918-97EE-4E09-90D9-84D12822AAEA}.Release|Any CPU.Build.0 = Release|Any CPU
		{43F1E918-97EE-4E09-90D9-84D12822AAEA}.Release|x64.ActiveCfg = Release|Any CPU
		{43F1E918-97EE-4E09-90D9-84D12822AAEA}.Release|x64.Build.0 = Release|Any CPU
		{43F1E918-97EE-4E09-90D9-84D12822AAEA}.Release|x86.ActiveCfg = Release|Any CPU
		{43F1E918-97EE-4E09-90D9-84D12822AAEA}.Release|x86.Build.0 = Release|Any CPU
		{565E0C19-DA9E-4819-93B6-E6663E5DEE4D}.Debug|Any CPU.ActiveCfg = Debug|Any CPU
		{565E0C19-DA9E-4819-93B6-E6663E5DEE4D}.Debug|Any CPU.Build.0 = Debug|Any CPU
		{565E0C19-DA9E-4819-93B6-E6663E5DEE4D}.Debug|x64.ActiveCfg = Debug|Any CPU
		{565E0C19-DA9E-4819-93B6-E6663E5DEE4D}.Debug|x64.Build.0 = Debug|Any CPU
		{565E0C19-DA9E-4819-93B6-E6663E5DEE4D}.Debug|x86.ActiveCfg = Debug|Any CPU
		{565E0C19-DA9E-4819-93B6-E6663E5DEE4D}.Debug|x86.Build.0 = Debug|Any CPU
		{565E0C19-DA9E-4819-93B6-E6663E5DEE4D}.Release|Any CPU.ActiveCfg = Release|Any CPU
		{565E0C19-DA9E-4819-93B6-E6663E5DEE4D}.Release|Any CPU.Build.0 = Release|Any CPU
		{565E0C19-DA9E-4819-93B6-E6663E5DEE4D}.Release|x64.ActiveCfg = Release|Any CPU
		{565E0C19-DA9E-4819-93B6-E6663E5DEE4D}.Release|x64.Build.0 = Release|Any CPU
		{565E0C19-DA9E-4819-93B6-E6663E5DEE4D}.Release|x86.ActiveCfg = Release|Any CPU
		{565E0C19-DA9E-4819-93B6-E6663E5DEE4D}.Release|x86.Build.0 = Release|Any CPU
		{A6E6805F-3090-4E6F-A0E8-30CE739FFAEE}.Debug|Any CPU.ActiveCfg = Debug|Any CPU
		{A6E6805F-3090-4E6F-A0E8-30CE739FFAEE}.Debug|Any CPU.Build.0 = Debug|Any CPU
		{A6E6805F-3090-4E6F-A0E8-30CE739FFAEE}.Debug|x64.ActiveCfg = Debug|Any CPU
		{A6E6805F-3090-4E6F-A0E8-30CE739FFAEE}.Debug|x64.Build.0 = Debug|Any CPU
		{A6E6805F-3090-4E6F-A0E8-30CE739FFAEE}.Debug|x86.ActiveCfg = Debug|Any CPU
		{A6E6805F-3090-4E6F-A0E8-30CE739FFAEE}.Debug|x86.Build.0 = Debug|Any CPU
		{A6E6805F-3090-4E6F-A0E8-30CE739FFAEE}.Release|Any CPU.ActiveCfg = Release|Any CPU
		{A6E6805F-3090-4E6F-A0E8-30CE739FFAEE}.Release|Any CPU.Build.0 = Release|Any CPU
		{A6E6805F-3090-4E6F-A0E8-30CE739FFAEE}.Release|x64.ActiveCfg = Release|Any CPU
		{A6E6805F-3090-4E6F-A0E8-30CE739FFAEE}.Release|x64.Build.0 = Release|Any CPU
		{A6E6805F-3090-4E6F-A0E8-30CE739FFAEE}.Release|x86.ActiveCfg = Release|Any CPU
		{A6E6805F-3090-4E6F-A0E8-30CE739FFAEE}.Release|x86.Build.0 = Release|Any CPU
		{289CD25A-10BF-4EA0-BAFF-1B8B773E9003}.Debug|Any CPU.ActiveCfg = Debug|Any CPU
		{289CD25A-10BF-4EA0-BAFF-1B8B773E9003}.Debug|Any CPU.Build.0 = Debug|Any CPU
		{289CD25A-10BF-4EA0-BAFF-1B8B773E9003}.Debug|x64.ActiveCfg = Debug|Any CPU
		{289CD25A-10BF-4EA0-BAFF-1B8B773E9003}.Debug|x64.Build.0 = Debug|Any CPU
		{289CD25A-10BF-4EA0-BAFF-1B8B773E9003}.Debug|x86.ActiveCfg = Debug|Any CPU
		{289CD25A-10BF-4EA0-BAFF-1B8B773E9003}.Debug|x86.Build.0 = Debug|Any CPU
		{289CD25A-10BF-4EA0-BAFF-1B8B773E9003}.Release|Any CPU.ActiveCfg = Release|Any CPU
		{289CD25A-10BF-4EA0-BAFF-1B8B773E9003}.Release|Any CPU.Build.0 = Release|Any CPU
		{289CD25A-10BF-4EA0-BAFF-1B8B773E9003}.Release|x64.ActiveCfg = Release|Any CPU
		{289CD25A-10BF-4EA0-BAFF-1B8B773E9003}.Release|x64.Build.0 = Release|Any CPU
		{289CD25A-10BF-4EA0-BAFF-1B8B773E9003}.Release|x86.ActiveCfg = Release|Any CPU
		{289CD25A-10BF-4EA0-BAFF-1B8B773E9003}.Release|x86.Build.0 = Release|Any CPU
	EndGlobalSection
	GlobalSection(SolutionProperties) = preSolution
		HideSolutionNode = FALSE
	EndGlobalSection
	GlobalSection(ExtensibilityGlobals) = postSolution
		SolutionGuid = {7313FE1E-4921-480F-98A6-AC21A859467F}
	EndGlobalSection
EndGlobal
